// !$*UTF8*$!
{
	archiveVersion = 1;
	classes = {
	};
	objectVersion = 45;
	objects = {

/* Begin PBXBuildFile section */
		1D3623260D0F684500981E51 /* NetworkingTestingAppDelegate.m in Sources */ = {isa = PBXBuildFile; fileRef = 1D3623250D0F684500981E51 /* NetworkingTestingAppDelegate.m */; };
		1D60589B0D05DD56006BFB54 /* main.m in Sources */ = {isa = PBXBuildFile; fileRef = 29B97316FDCFA39411CA2CEA /* main.m */; };
		1D60589F0D05DD5A006BFB54 /* Foundation.framework in Frameworks */ = {isa = PBXBuildFile; fileRef = 1D30AB110D05D00D00671497 /* Foundation.framework */; };
		1DF5F4E00D08C38300B7A737 /* UIKit.framework in Frameworks */ = {isa = PBXBuildFile; fileRef = 1DF5F4DF0D08C38300B7A737 /* UIKit.framework */; };
		2892E4100DC94CBA00A64D0F /* CoreGraphics.framework in Frameworks */ = {isa = PBXBuildFile; fileRef = 2892E40F0DC94CBA00A64D0F /* CoreGraphics.framework */; };
		28AD73600D9D9599002E5188 /* MainWindow.xib in Resources */ = {isa = PBXBuildFile; fileRef = 28AD735F0D9D9599002E5188 /* MainWindow.xib */; };
		6E189C850F4F3767001FA025 /* Server.m in Sources */ = {isa = PBXBuildFile; fileRef = 6E189C840F4F3767001FA025 /* Server.m */; };
		6E966A1F0F4FA829002C9CEF /* ServerRunningViewController.m in Sources */ = {isa = PBXBuildFile; fileRef = 6E966A1E0F4FA829002C9CEF /* ServerRunningViewController.m */; };
		6E966A210F4FA84E002C9CEF /* ServerRunningView.xib in Resources */ = {isa = PBXBuildFile; fileRef = 6E966A200F4FA84E002C9CEF /* ServerRunningView.xib */; };
		6EC4F8220F65DC3400360199 /* ServerBrowserView.xib in Resources */ = {isa = PBXBuildFile; fileRef = 6EC4F8210F65DC3400360199 /* ServerBrowserView.xib */; };
		6EC4F8500F65DD2300360199 /* ServerBrowserTableViewController.m in Sources */ = {isa = PBXBuildFile; fileRef = 6EC4F84C0F65DD2300360199 /* ServerBrowserTableViewController.m */; };
		A832BE5A160F4C34000A88B4 /* AudioToolbox.framework in Frameworks */ = {isa = PBXBuildFile; fileRef = A832BE59160F4C34000A88B4 /* AudioToolbox.framework */; };
		A832BE5C160F4C45000A88B4 /* CoreVideo.framework in Frameworks */ = {isa = PBXBuildFile; fileRef = A832BE5B160F4C45000A88B4 /* CoreVideo.framework */; };
		A832BE5E160F4C4F000A88B4 /* CoreMedia.framework in Frameworks */ = {isa = PBXBuildFile; fileRef = A832BE5D160F4C4F000A88B4 /* CoreMedia.framework */; };
		A832BE60160F4C56000A88B4 /* AVFoundation.framework in Frameworks */ = {isa = PBXBuildFile; fileRef = A832BE5F160F4C56000A88B4 /* AVFoundation.framework */; };
		A832BE62160F4C5D000A88B4 /* QuartzCore.framework in Frameworks */ = {isa = PBXBuildFile; fileRef = A832BE61160F4C5D000A88B4 /* QuartzCore.framework */; };
/* End PBXBuildFile section */

/* Begin PBXFileReference section */
		1D30AB110D05D00D00671497 /* Foundation.framework */ = {isa = PBXFileReference; lastKnownFileType = wrapper.framework; name = Foundation.framework; path = System/Library/Frameworks/Foundation.framework; sourceTree = SDKROOT; };
		1D3623240D0F684500981E51 /* NetworkingTestingAppDelegate.h */ = {isa = PBXFileReference; fileEncoding = 4; lastKnownFileType = sourcecode.c.h; path = NetworkingTestingAppDelegate.h; sourceTree = "<group>"; };
		1D3623250D0F684500981E51 /* NetworkingTestingAppDelegate.m */ = {isa = PBXFileReference; fileEncoding = 4; lastKnownFileType = sourcecode.c.objc; path = NetworkingTestingAppDelegate.m; sourceTree = "<group>"; };
		1D6058910D05DD3D006BFB54 /* NetworkingTesting.app */ = {isa = PBXFileReference; explicitFileType = wrapper.application; includeInIndex = 0; path = NetworkingTesting.app; sourceTree = BUILT_PRODUCTS_DIR; };
		1DF5F4DF0D08C38300B7A737 /* UIKit.framework */ = {isa = PBXFileReference; lastKnownFileType = wrapper.framework; name = UIKit.framework; path = System/Library/Frameworks/UIKit.framework; sourceTree = SDKROOT; };
		2892E40F0DC94CBA00A64D0F /* CoreGraphics.framework */ = {isa = PBXFileReference; lastKnownFileType = wrapper.framework; name = CoreGraphics.framework; path = System/Library/Frameworks/CoreGraphics.framework; sourceTree = SDKROOT; };
		28A0AAE50D9B0CCF005BE974 /* NetworkingTesting_Prefix.pch */ = {isa = PBXFileReference; fileEncoding = 4; lastKnownFileType = sourcecode.c.h; path = NetworkingTesting_Prefix.pch; sourceTree = "<group>"; };
		28AD735F0D9D9599002E5188 /* MainWindow.xib */ = {isa = PBXFileReference; lastKnownFileType = file.xib; path = MainWindow.xib; sourceTree = "<group>"; };
		29B97316FDCFA39411CA2CEA /* main.m */ = {isa = PBXFileReference; fileEncoding = 4; lastKnownFileType = sourcecode.c.objc; path = main.m; sourceTree = "<group>"; };
		6E189C830F4F3767001FA025 /* Server.h */ = {isa = PBXFileReference; fileEncoding = 4; lastKnownFileType = sourcecode.c.h; path = Server.h; sourceTree = "<group>"; };
		6E189C840F4F3767001FA025 /* Server.m */ = {isa = PBXFileReference; fileEncoding = 4; lastKnownFileType = sourcecode.c.objc; path = Server.m; sourceTree = "<group>"; };
		6E966A1D0F4FA829002C9CEF /* ServerRunningViewController.h */ = {isa = PBXFileReference; fileEncoding = 4; lastKnownFileType = sourcecode.c.h; path = ServerRunningViewController.h; sourceTree = "<group>"; };
		6E966A1E0F4FA829002C9CEF /* ServerRunningViewController.m */ = {isa = PBXFileReference; fileEncoding = 4; lastKnownFileType = sourcecode.c.objc; path = ServerRunningViewController.m; sourceTree = "<group>"; };
		6E966A200F4FA84E002C9CEF /* ServerRunningView.xib */ = {isa = PBXFileReference; lastKnownFileType = file.xib; path = ServerRunningView.xib; sourceTree = "<group>"; };
		6EC4F8210F65DC3400360199 /* ServerBrowserView.xib */ = {isa = PBXFileReference; lastKnownFileType = file.xib; path = ServerBrowserView.xib; sourceTree = "<group>"; };
		6EC4F8320F65DCF500360199 /* ServerBrowserTableViewController.h */ = {isa = PBXFileReference; fileEncoding = 4; lastKnownFileType = sourcecode.c.h; path = ServerBrowserTableViewController.h; sourceTree = "<group>"; };
		6EC4F84C0F65DD2300360199 /* ServerBrowserTableViewController.m */ = {isa = PBXFileReference; fileEncoding = 4; lastKnownFileType = sourcecode.c.objc; path = ServerBrowserTableViewController.m; sourceTree = "<group>"; };
		8D1107310486CEB800E47090 /* Info.plist */ = {isa = PBXFileReference; fileEncoding = 4; lastKnownFileType = text.plist.xml; path = Info.plist; sourceTree = "<group>"; };
		A832BE59160F4C34000A88B4 /* AudioToolbox.framework */ = {isa = PBXFileReference; lastKnownFileType = wrapper.framework; name = AudioToolbox.framework; path = System/Library/Frameworks/AudioToolbox.framework; sourceTree = SDKROOT; };
		A832BE5B160F4C45000A88B4 /* CoreVideo.framework */ = {isa = PBXFileReference; lastKnownFileType = wrapper.framework; name = CoreVideo.framework; path = System/Library/Frameworks/CoreVideo.framework; sourceTree = SDKROOT; };
		A832BE5D160F4C4F000A88B4 /* CoreMedia.framework */ = {isa = PBXFileReference; lastKnownFileType = wrapper.framework; name = CoreMedia.framework; path = System/Library/Frameworks/CoreMedia.framework; sourceTree = SDKROOT; };
		A832BE5F160F4C56000A88B4 /* AVFoundation.framework */ = {isa = PBXFileReference; lastKnownFileType = wrapper.framework; name = AVFoundation.framework; path = System/Library/Frameworks/AVFoundation.framework; sourceTree = SDKROOT; };
		A832BE61160F4C5D000A88B4 /* QuartzCore.framework */ = {isa = PBXFileReference; lastKnownFileType = wrapper.framework; name = QuartzCore.framework; path = System/Library/Frameworks/QuartzCore.framework; sourceTree = SDKROOT; };
/* End PBXFileReference section */

/* Begin PBXFrameworksBuildPhase section */
		1D60588F0D05DD3D006BFB54 /* Frameworks */ = {
			isa = PBXFrameworksBuildPhase;
			buildActionMask = 2147483647;
			files = (
				A832BE62160F4C5D000A88B4 /* QuartzCore.framework in Frameworks */,
				A832BE60160F4C56000A88B4 /* AVFoundation.framework in Frameworks */,
				A832BE5E160F4C4F000A88B4 /* CoreMedia.framework in Frameworks */,
				A832BE5C160F4C45000A88B4 /* CoreVideo.framework in Frameworks */,
				A832BE5A160F4C34000A88B4 /* AudioToolbox.framework in Frameworks */,
				1D60589F0D05DD5A006BFB54 /* Foundation.framework in Frameworks */,
				1DF5F4E00D08C38300B7A737 /* UIKit.framework in Frameworks */,
				2892E4100DC94CBA00A64D0F /* CoreGraphics.framework in Frameworks */,
			);
			runOnlyForDeploymentPostprocessing = 0;
		};
/* End PBXFrameworksBuildPhase section */

/* Begin PBXGroup section */
		080E96DDFE201D6D7F000001 /* Classes */ = {
			isa = PBXGroup;
			children = (
				6EC4F8320F65DCF500360199 /* ServerBrowserTableViewController.h */,
				6EC4F84C0F65DD2300360199 /* ServerBrowserTableViewController.m */,
				1D3623240D0F684500981E51 /* NetworkingTestingAppDelegate.h */,
				1D3623250D0F684500981E51 /* NetworkingTestingAppDelegate.m */,
				6E966A1D0F4FA829002C9CEF /* ServerRunningViewController.h */,
				6E966A1E0F4FA829002C9CEF /* ServerRunningViewController.m */,
			);
			path = Classes;
			sourceTree = "<group>";
		};
		19C28FACFE9D520D11CA2CBB /* Products */ = {
			isa = PBXGroup;
			children = (
				1D6058910D05DD3D006BFB54 /* NetworkingTesting.app */,
			);
			name = Products;
			sourceTree = "<group>";
		};
		29B97314FDCFA39411CA2CEA /* CustomTemplate */ = {
			isa = PBXGroup;
			children = (
				A832BE61160F4C5D000A88B4 /* QuartzCore.framework */,
				A832BE5F160F4C56000A88B4 /* AVFoundation.framework */,
				A832BE5D160F4C4F000A88B4 /* CoreMedia.framework */,
				A832BE5B160F4C45000A88B4 /* CoreVideo.framework */,
				A832BE59160F4C34000A88B4 /* AudioToolbox.framework */,
				6E189C820F4F3747001FA025 /* Server */,
				080E96DDFE201D6D7F000001 /* Classes */,
				29B97315FDCFA39411CA2CEA /* Other Sources */,
				29B97317FDCFA39411CA2CEA /* Resources */,
				29B97323FDCFA39411CA2CEA /* Frameworks */,
				19C28FACFE9D520D11CA2CBB /* Products */,
			);
			name = CustomTemplate;
			sourceTree = "<group>";
		};
		29B97315FDCFA39411CA2CEA /* Other Sources */ = {
			isa = PBXGroup;
			children = (
				28A0AAE50D9B0CCF005BE974 /* NetworkingTesting_Prefix.pch */,
				29B97316FDCFA39411CA2CEA /* main.m */,
			);
			name = "Other Sources";
			sourceTree = "<group>";
		};
		29B97317FDCFA39411CA2CEA /* Resources */ = {
			isa = PBXGroup;
			children = (
				6EC4F8210F65DC3400360199 /* ServerBrowserView.xib */,
				28AD735F0D9D9599002E5188 /* MainWindow.xib */,
				8D1107310486CEB800E47090 /* Info.plist */,
				6E966A200F4FA84E002C9CEF /* ServerRunningView.xib */,
			);
			name = Resources;
			sourceTree = "<group>";
		};
		29B97323FDCFA39411CA2CEA /* Frameworks */ = {
			isa = PBXGroup;
			children = (
				1DF5F4DF0D08C38300B7A737 /* UIKit.framework */,
				1D30AB110D05D00D00671497 /* Foundation.framework */,
				2892E40F0DC94CBA00A64D0F /* CoreGraphics.framework */,
			);
			name = Frameworks;
			sourceTree = "<group>";
		};
		6E189C820F4F3747001FA025 /* Server */ = {
			isa = PBXGroup;
			children = (
				6E189C830F4F3767001FA025 /* Server.h */,
				6E189C840F4F3767001FA025 /* Server.m */,
			);
			path = Server;
			sourceTree = "<group>";
		};
/* End PBXGroup section */

/* Begin PBXNativeTarget section */
		1D6058900D05DD3D006BFB54 /* NetworkingTesting */ = {
			isa = PBXNativeTarget;
			buildConfigurationList = 1D6058960D05DD3E006BFB54 /* Build configuration list for PBXNativeTarget "NetworkingTesting" */;
			buildPhases = (
				1D60588D0D05DD3D006BFB54 /* Resources */,
				1D60588E0D05DD3D006BFB54 /* Sources */,
				1D60588F0D05DD3D006BFB54 /* Frameworks */,
			);
			buildRules = (
			);
			dependencies = (
			);
			name = NetworkingTesting;
			productName = NetworkingTesting;
			productReference = 1D6058910D05DD3D006BFB54 /* NetworkingTesting.app */;
			productType = "com.apple.product-type.application";
		};
/* End PBXNativeTarget section */

/* Begin PBXProject section */
		29B97313FDCFA39411CA2CEA /* Project object */ = {
			isa = PBXProject;
			buildConfigurationList = C01FCF4E08A954540054247B /* Build configuration list for PBXProject "NetworkingTesting" */;
			compatibilityVersion = "Xcode 3.1";
			developmentRegion = English;
			hasScannedForEncodings = 1;
			knownRegions = (
				English,
				Japanese,
				French,
				German,
				en,
			);
			mainGroup = 29B97314FDCFA39411CA2CEA /* CustomTemplate */;
			projectDirPath = "";
			projectRoot = "";
			targets = (
				1D6058900D05DD3D006BFB54 /* NetworkingTesting */,
			);
		};
/* End PBXProject section */

/* Begin PBXResourcesBuildPhase section */
		1D60588D0D05DD3D006BFB54 /* Resources */ = {
			isa = PBXResourcesBuildPhase;
			buildActionMask = 2147483647;
			files = (
				28AD73600D9D9599002E5188 /* MainWindow.xib in Resources */,
				6E966A210F4FA84E002C9CEF /* ServerRunningView.xib in Resources */,
				6EC4F8220F65DC3400360199 /* ServerBrowserView.xib in Resources */,
			);
			runOnlyForDeploymentPostprocessing = 0;
		};
/* End PBXResourcesBuildPhase section */

/* Begin PBXSourcesBuildPhase section */
		1D60588E0D05DD3D006BFB54 /* Sources */ = {
			isa = PBXSourcesBuildPhase;
			buildActionMask = 2147483647;
			files = (
				1D60589B0D05DD56006BFB54 /* main.m in Sources */,
				1D3623260D0F684500981E51 /* NetworkingTestingAppDelegate.m in Sources */,
				6E189C850F4F3767001FA025 /* Server.m in Sources */,
				6E966A1F0F4FA829002C9CEF /* ServerRunningViewController.m in Sources */,
				6EC4F8500F65DD2300360199 /* ServerBrowserTableViewController.m in Sources */,
			);
			runOnlyForDeploymentPostprocessing = 0;
		};
/* End PBXSourcesBuildPhase section */

/* Begin XCBuildConfiguration section */
		1D6058940D05DD3E006BFB54 /* Debug */ = {
			isa = XCBuildConfiguration;
			buildSettings = {
				ALWAYS_SEARCH_USER_PATHS = NO;
				CODE_SIGN_IDENTITY = "Jb Developer";
				"CODE_SIGN_IDENTITY[sdk=iphoneos*]" = "Jb Developer";
				COPY_PHASE_STRIP = NO;
				GCC_DYNAMIC_NO_PIC = NO;
				GCC_OPTIMIZATION_LEVEL = 0;
				GCC_PRECOMPILE_PREFIX_HEADER = YES;
				GCC_PREFIX_HEADER = NetworkingTesting_Prefix.pch;
				INFOPLIST_FILE = Info.plist;
				PRODUCT_NAME = NetworkingTesting;
				PROVISIONING_PROFILE = "";
				"PROVISIONING_PROFILE[sdk=iphoneos*]" = "";
			};
			name = Debug;
		};
		1D6058950D05DD3E006BFB54 /* Release */ = {
			isa = XCBuildConfiguration;
			buildSettings = {
				ALWAYS_SEARCH_USER_PATHS = NO;
				CODE_SIGN_IDENTITY = "Jb Developer";
				"CODE_SIGN_IDENTITY[sdk=iphoneos*]" = "Jb Developer";
				COPY_PHASE_STRIP = YES;
				GCC_PRECOMPILE_PREFIX_HEADER = YES;
				GCC_PREFIX_HEADER = NetworkingTesting_Prefix.pch;
				INFOPLIST_FILE = Info.plist;
				PRODUCT_NAME = NetworkingTesting;
				PROVISIONING_PROFILE = "";
				"PROVISIONING_PROFILE[sdk=iphoneos*]" = "";
			};
			name = Release;
		};
		C01FCF4F08A954540054247B /* Debug */ = {
			isa = XCBuildConfiguration;
			buildSettings = {
				ARCHS = "$(ARCHS_STANDARD_32_BIT)";
				CODE_SIGN_IDENTITY = "Jb Developer";
				"CODE_SIGN_IDENTITY[sdk=iphoneos*]" = "Jb Developer";
				GCC_C_LANGUAGE_STANDARD = c99;
				GCC_WARN_ABOUT_RETURN_TYPE = YES;
				GCC_WARN_UNUSED_VARIABLE = YES;
				ONLY_ACTIVE_ARCH = YES;
				PREBINDING = NO;
				PROVISIONING_PROFILE = "";
				"PROVISIONING_PROFILE[sdk=iphoneos*]" = "";
				SDKROOT = iphoneos;
			};
			name = Debug;
		};
		C01FCF5008A954540054247B /* Release */ = {
			isa = XCBuildConfiguration;
			buildSettings = {
				ARCHS = "$(ARCHS_STANDARD_32_BIT)";
				CODE_SIGN_IDENTITY = "Jb Developer";
				"CODE_SIGN_IDENTITY[sdk=iphoneos*]" = "Jb Developer";
				GCC_C_LANGUAGE_STANDARD = c99;
				GCC_WARN_ABOUT_RETURN_TYPE = YES;
				GCC_WARN_UNUSED_VARIABLE = YES;
				PREBINDING = NO;
				PROVISIONING_PROFILE = "";
				"PROVISIONING_PROFILE[sdk=iphoneos*]" = "";
				SDKROOT = iphoneos;
			};
			name = Release;
		};
/* End XCBuildConfiguration section */

/* Begin XCConfigurationList section */
		1D6058960D05DD3E006BFB54 /* Build configuration list for PBXNativeTarget "NetworkingTesting" */ = {
			isa = XCConfigurationList;
			buildConfigurations = (
				1D6058940D05DD3E006BFB54 /* Debug */,
				1D6058950D05DD3E006BFB54 /* Release */,
			);
			defaultConfigurationIsVisible = 0;
			defaultConfigurationName = Release;
		};
		C01FCF4E08A954540054247B /* Build configuration list for PBXProject "NetworkingTesting" */ = {
			isa = XCConfigurationList;
			buildConfigurations = (
				C01FCF4F08A954540054247B /* Debug */,
				C01FCF5008A954540054247B /* Release */,
			);
			defaultConfigurationIsVisible = 0;
			defaultConfigurationName = Release;
		};
/* End XCConfigurationList section */
	};
	rootObject = 29B97313FDCFA39411CA2CEA /* Project object */;
}
